
Microsoft Visual Studio Solution File, Format Version 12.00
# Visual Studio 15
VisualStudioVersion = 15.0.27428.2015
MinimumVisualStudioVersion = 10.0.40219.1
Project("{FAE04EC0-301F-11D3-BF4B-00C04F79EFBC}") = "MemeMaker", "MemeMaker\MemeMaker.csproj", "{C75822C4-ACA8-467A-9CC0-5DC8840C2832}"
EndProject
Global
	GlobalSection(SolutionConfigurationPlatforms) = preSolution
		Debug|Any CPU = Debug|Any CPU
		Release|Any CPU = Release|Any CPU
	EndGlobalSection
	GlobalSection(ProjectConfigurationPlatforms) = postSolution
		{C75822C4-ACA8-467A-9CC0-5DC8840C2832}.Debug|Any CPU.ActiveCfg = Debug|Any CPU
		{C75822C4-ACA8-467A-9CC0-5DC8840C2832}.Debug|Any CPU.Build.0 = Debug|Any CPU
		{C75822C4-ACA8-467A-9CC0-5DC8840C2832}.Release|Any CPU.ActiveCfg = Release|Any CPU
		{C75822C4-ACA8-467A-9CC0-5DC8840C2832}.Release|Any CPU.Build.0 = Release|Any CPU
	EndGlobalSection
	GlobalSection(SolutionProperties) = preSolution
		HideSolutionNode = FALSE
	EndGlobalSection
	GlobalSection(ExtensibilityGlobals) = postSolution
		SolutionGuid = {58B74BA2-368D-41A1-821A-D5C991ABD208}
	EndGlobalSection
EndGlobal
